{
  "requires": true,
  "lockfileVersion": 1,
  "dependencies": {
    "mobx": {
      "version": "5.15.6",
      "resolved": "http://nodepackages.hellobike.cn:4873/mobx/-/mobx-5.15.6.tgz",
      "integrity": "sha1-JHUK9W+HvPnDz4Ls5MeeuRu3GWg="
    },
    "mobx-react": {
      "version": "6.2.5",
      "resolved": "http://nodepackages.hellobike.cn:4873/mobx-react/-/mobx-react-6.2.5.tgz",
      "integrity": "sha1-kCChe3nMbcPRJK2JqzbrnqVApFs=",
      "requires": {
        "mobx-react-lite": ">=2.0.6"
      }
    },
    "mobx-react-lite": {
      "version": "2.1.0",
      "resolved": "http://nodepackages.hellobike.cn:4873/mobx-react-lite/-/mobx-react-lite-2.1.0.tgz",
      "integrity": "sha1-HHByODIxe6VawglP7GaEXj0yD0U="
    }
  }
}
